
Microsoft Visual Studio Solution File, Format Version 12.00
# Visual Studio Version 17
VisualStudioVersion = 17.10.35122.118
MinimumVisualStudioVersion = 10.0.40219.1
Project("{FAE04EC0-301F-11D3-BF4B-00C04F79EFBC}") = "Class12VPLab", "Class12VPLab\Class12VPLab.csproj", "{F6DF3CCD-0B1E-44EE-8F42-B441F037DDF9}"
EndProject
Global
	GlobalSection(SolutionConfigurationPlatforms) = preSolution
		Debug|Any CPU = Debug|Any CPU
		Release|Any CPU = Release|Any CPU
	EndGlobalSection
	GlobalSection(ProjectConfigurationPlatforms) = postSolution
		{F6DF3CCD-0B1E-44EE-8F42-B441F037DDF9}.Debug|Any CPU.ActiveCfg = Debug|Any CPU
		{F6DF3CCD-0B1E-44EE-8F42-B441F037DDF9}.Debug|Any CPU.Build.0 = Debug|Any CPU
		{F6DF3CCD-0B1E-44EE-8F42-B441F037DDF9}.Release|Any CPU.ActiveCfg = Release|Any CPU
		{F6DF3CCD-0B1E-44EE-8F42-B441F037DDF9}.Release|Any CPU.Build.0 = Release|Any CPU
	EndGlobalSection
	GlobalSection(SolutionProperties) = preSolution
		HideSolutionNode = FALSE
	EndGlobalSection
	GlobalSection(ExtensibilityGlobals) = postSolution
		SolutionGuid = {1DC91843-3EA6-4FC0-8F1F-140E139C99CB}
	EndGlobalSection
EndGlobal
